
Microsoft Visual Studio Solution File, Format Version 12.00
# Visual Studio Version 17
VisualStudioVersion = 17.11.35327.3
MinimumVisualStudioVersion = 10.0.40219.1
Project("{9A19103F-16F7-4668-BE54-9A1E7A4F7556}") = "BalanceMaster.Service", "BalanceMaster.Service\BalanceMaster.Service.csproj", "{96E2D4A6-E8CC-44DC-B0CC-4EF33759471F}"
EndProject
Project("{9A19103F-16F7-4668-BE54-9A1E7A4F7556}") = "BalanceMaster.Service.Tests", "BalanceMaster.Service.Tests\BalanceMaster.Service.Tests.csproj", "{60D66A71-C302-43B3-8B93-D08A3DB03A28}"
EndProject
Project("{9A19103F-16F7-4668-BE54-9A1E7A4F7556}") = "BalanceMaster.ConsoleApp", "BalanceMaster.ConsoleApp\BalanceMaster.ConsoleApp.csproj", "{513F218E-E56E-4FE1-90EA-571E8B760DFC}"
EndProject
Project("{FAE04EC0-301F-11D3-BF4B-00C04F79EFBC}") = "BalanceMaster.DesktopApp", "BalanceMaster.DesktopApp\BalanceMaster.DesktopApp.csproj", "{B6685359-2E13-4E29-9374-27C5989B206F}"
EndProject
Project("{FAE04EC0-301F-11D3-BF4B-00C04F79EFBC}") = "BalanceMaster.Api", "BalanceMaster.Api\BalanceMaster.Api.csproj", "{55D221DE-D19C-462F-B3B2-B461F39939A4}"
EndProject
Project("{FAE04EC0-301F-11D3-BF4B-00C04F79EFBC}") = "BalanceMaster.Domain", "BalanceMaster.Domain\BalanceMaster.Domain.csproj", "{48E836BA-3F8E-4F30-A120-AD4CB6DD2AAF}"
EndProject
Global
	GlobalSection(SolutionConfigurationPlatforms) = preSolution
		Debug|Any CPU = Debug|Any CPU
		Release|Any CPU = Release|Any CPU
	EndGlobalSection
	GlobalSection(ProjectConfigurationPlatforms) = postSolution
		{96E2D4A6-E8CC-44DC-B0CC-4EF33759471F}.Debug|Any CPU.ActiveCfg = Debug|Any CPU
		{96E2D4A6-E8CC-44DC-B0CC-4EF33759471F}.Debug|Any CPU.Build.0 = Debug|Any CPU
		{96E2D4A6-E8CC-44DC-B0CC-4EF33759471F}.Release|Any CPU.ActiveCfg = Release|Any CPU
		{96E2D4A6-E8CC-44DC-B0CC-4EF33759471F}.Release|Any CPU.Build.0 = Release|Any CPU
		{60D66A71-C302-43B3-8B93-D08A3DB03A28}.Debug|Any CPU.ActiveCfg = Debug|Any CPU
		{60D66A71-C302-43B3-8B93-D08A3DB03A28}.Debug|Any CPU.Build.0 = Debug|Any CPU
		{60D66A71-C302-43B3-8B93-D08A3DB03A28}.Release|Any CPU.ActiveCfg = Release|Any CPU
		{60D66A71-C302-43B3-8B93-D08A3DB03A28}.Release|Any CPU.Build.0 = Release|Any CPU
		{513F218E-E56E-4FE1-90EA-571E8B760DFC}.Debug|Any CPU.ActiveCfg = Debug|Any CPU
		{513F218E-E56E-4FE1-90EA-571E8B760DFC}.Debug|Any CPU.Build.0 = Debug|Any CPU
		{513F218E-E56E-4FE1-90EA-571E8B760DFC}.Release|Any CPU.ActiveCfg = Release|Any CPU
		{513F218E-E56E-4FE1-90EA-571E8B760DFC}.Release|Any CPU.Build.0 = Release|Any CPU
		{B6685359-2E13-4E29-9374-27C5989B206F}.Debug|Any CPU.ActiveCfg = Debug|Any CPU
		{B6685359-2E13-4E29-9374-27C5989B206F}.Debug|Any CPU.Build.0 = Debug|Any CPU
		{B6685359-2E13-4E29-9374-27C5989B206F}.Release|Any CPU.ActiveCfg = Release|Any CPU
		{B6685359-2E13-4E29-9374-27C5989B206F}.Release|Any CPU.Build.0 = Release|Any CPU
		{55D221DE-D19C-462F-B3B2-B461F39939A4}.Debug|Any CPU.ActiveCfg = Debug|Any CPU
		{55D221DE-D19C-462F-B3B2-B461F39939A4}.Debug|Any CPU.Build.0 = Debug|Any CPU
		{55D221DE-D19C-462F-B3B2-B461F39939A4}.Release|Any CPU.ActiveCfg = Release|Any CPU
		{55D221DE-D19C-462F-B3B2-B461F39939A4}.Release|Any CPU.Build.0 = Release|Any CPU
		{48E836BA-3F8E-4F30-A120-AD4CB6DD2AAF}.Debug|Any CPU.ActiveCfg = Debug|Any CPU
		{48E836BA-3F8E-4F30-A120-AD4CB6DD2AAF}.Debug|Any CPU.Build.0 = Debug|Any CPU
		{48E836BA-3F8E-4F30-A120-AD4CB6DD2AAF}.Release|Any CPU.ActiveCfg = Release|Any CPU
		{48E836BA-3F8E-4F30-A120-AD4CB6DD2AAF}.Release|Any CPU.Build.0 = Release|Any CPU
	EndGlobalSection
	GlobalSection(SolutionProperties) = preSolution
		HideSolutionNode = FALSE
	EndGlobalSection
	GlobalSection(ExtensibilityGlobals) = postSolution
		SolutionGuid = {0D11DDFE-A965-49D3-9A9B-05BC3BE82D18}
	EndGlobalSection
EndGlobal
